
Microsoft Visual Studio Solution File, Format Version 12.00
# Visual Studio 15
VisualStudioVersion = 15.0.28010.2016
MinimumVisualStudioVersion = 10.0.40219.1
Project("{888888A0-9F3D-457C-B088-3A5042F75D52}") = "grade_search", "grade_search\grade_search.pyproj", "{F4319B02-4876-4CDE-B625-312F042AE063}"
EndProject
Global
	GlobalSection(SolutionConfigurationPlatforms) = preSolution
		Debug|Any CPU = Debug|Any CPU
		Release|Any CPU = Release|Any CPU
	EndGlobalSection
	GlobalSection(ProjectConfigurationPlatforms) = postSolution
		{F4319B02-4876-4CDE-B625-312F042AE063}.Debug|Any CPU.ActiveCfg = Debug|Any CPU
		{F4319B02-4876-4CDE-B625-312F042AE063}.Release|Any CPU.ActiveCfg = Release|Any CPU
	EndGlobalSection
	GlobalSection(SolutionProperties) = preSolution
		HideSolutionNode = FALSE
	EndGlobalSection
	GlobalSection(ExtensibilityGlobals) = postSolution
		SolutionGuid = {09FE2DE2-81A0-49CF-B33C-18BA3CDBEA14}
	EndGlobalSection
EndGlobal
